
Microsoft Visual Studio Solution File, Format Version 12.00
# Visual Studio 15
VisualStudioVersion = 15.0.28307.421
MinimumVisualStudioVersion = 10.0.40219.1
Project("{FAE04EC0-301F-11D3-BF4B-00C04F79EFBC}") = "App13.Android", "App13\App13.Android\App13.Android.csproj", "{7DC0464D-F3A3-4FAE-B5ED-05D0E81B92E6}"
EndProject
Project("{FAE04EC0-301F-11D3-BF4B-00C04F79EFBC}") = "App13.iOS", "App13\App13.iOS\App13.iOS.csproj", "{D4842351-9A09-4C6B-A979-8CE909F3F475}"
EndProject
Project("{FAE04EC0-301F-11D3-BF4B-00C04F79EFBC}") = "App13.UWP", "App13\App13.UWP\App13.UWP.csproj", "{B8D0FB42-ED05-491A-A93A-68FE7B201D79}"
EndProject
Project("{FAE04EC0-301F-11D3-BF4B-00C04F79EFBC}") = "App13", "App13\App13\App13.csproj", "{3405F80A-F1EC-448C-AB58-7F7273AFBAC6}"
EndProject
Global
	GlobalSection(SolutionConfigurationPlatforms) = preSolution
		Ad-Hoc|Any CPU = Ad-Hoc|Any CPU
		Ad-Hoc|ARM = Ad-Hoc|ARM
		Ad-Hoc|iPhone = Ad-Hoc|iPhone
		Ad-Hoc|iPhoneSimulator = Ad-Hoc|iPhoneSimulator
		Ad-Hoc|x64 = Ad-Hoc|x64
		Ad-Hoc|x86 = Ad-Hoc|x86
		AppStore|Any CPU = AppStore|Any CPU
		AppStore|ARM = AppStore|ARM
		AppStore|iPhone = AppStore|iPhone
		AppStore|iPhoneSimulator = AppStore|iPhoneSimulator
		AppStore|x64 = AppStore|x64
		AppStore|x86 = AppStore|x86
		Debug|Any CPU = Debug|Any CPU
		Debug|ARM = Debug|ARM
		Debug|iPhone = Debug|iPhone
		Debug|iPhoneSimulator = Debug|iPhoneSimulator
		Debug|x64 = Debug|x64
		Debug|x86 = Debug|x86
		Release|Any CPU = Release|Any CPU
		Release|ARM = Release|ARM
		Release|iPhone = Release|iPhone
		Release|iPhoneSimulator = Release|iPhoneSimulator
		Release|x64 = Release|x64
		Release|x86 = Release|x86
	EndGlobalSection
	GlobalSection(ProjectConfigurationPlatforms) = postSolution
		{7DC0464D-F3A3-4FAE-B5ED-05D0E81B92E6}.Ad-Hoc|Any CPU.ActiveCfg = Release|Any CPU
		{7DC0464D-F3A3-4FAE-B5ED-05D0E81B92E6}.Ad-Hoc|Any CPU.Build.0 = Release|Any CPU
		{7DC0464D-F3A3-4FAE-B5ED-05D0E81B92E6}.Ad-Hoc|Any CPU.Deploy.0 = Release|Any CPU
		{7DC0464D-F3A3-4FAE-B5ED-05D0E81B92E6}.Ad-Hoc|ARM.ActiveCfg = Release|Any CPU
		{7DC0464D-F3A3-4FAE-B5ED-05D0E81B92E6}.Ad-Hoc|ARM.Build.0 = Release|Any CPU
		{7DC0464D-F3A3-4FAE-B5ED-05D0E81B92E6}.Ad-Hoc|ARM.Deploy.0 = Release|Any CPU
		{7DC0464D-F3A3-4FAE-B5ED-05D0E81B92E6}.Ad-Hoc|iPhone.ActiveCfg = Release|Any CPU
		{7DC0464D-F3A3-4FAE-B5ED-05D0E81B92E6}.Ad-Hoc|iPhone.Build.0 = Release|Any CPU
		{7DC0464D-F3A3-4FAE-B5ED-05D0E81B92E6}.Ad-Hoc|iPhone.Deploy.0 = Release|Any CPU
		{7DC0464D-F3A3-4FAE-B5ED-05D0E81B92E6}.Ad-Hoc|iPhoneSimulator.ActiveCfg = Release|Any CPU
		{7DC0464D-F3A3-4FAE-B5ED-05D0E81B92E6}.Ad-Hoc|iPhoneSimulator.Build.0 = Release|Any CPU
		{7DC0464D-F3A3-4FAE-B5ED-05D0E81B92E6}.Ad-Hoc|iPhoneSimulator.Deploy.0 = Release|Any CPU
		{7DC0464D-F3A3-4FAE-B5ED-05D0E81B92E6}.Ad-Hoc|x64.ActiveCfg = Release|Any CPU
		{7DC0464D-F3A3-4FAE-B5ED-05D0E81B92E6}.Ad-Hoc|x64.Build.0 = Release|Any CPU
		{7DC0464D-F3A3-4FAE-B5ED-05D0E81B92E6}.Ad-Hoc|x64.Deploy.0 = Release|Any CPU
		{7DC0464D-F3A3-4FAE-B5ED-05D0E81B92E6}.Ad-Hoc|x86.ActiveCfg = Release|Any CPU
		{7DC0464D-F3A3-4FAE-B5ED-05D0E81B92E6}.Ad-Hoc|x86.Build.0 = Release|Any CPU
		{7DC0464D-F3A3-4FAE-B5ED-05D0E81B92E6}.Ad-Hoc|x86.Deploy.0 = Release|Any CPU
		{7DC0464D-F3A3-4FAE-B5ED-05D0E81B92E6}.AppStore|Any CPU.ActiveCfg = Release|Any CPU
		{7DC0464D-F3A3-4FAE-B5ED-05D0E81B92E6}.AppStore|Any CPU.Build.0 = Release|Any CPU
		{7DC0464D-F3A3-4FAE-B5ED-05D0E81B92E6}.AppStore|Any CPU.Deploy.0 = Release|Any CPU
		{7DC0464D-F3A3-4FAE-B5ED-05D0E81B92E6}.AppStore|ARM.ActiveCfg = Release|Any CPU
		{7DC0464D-F3A3-4FAE-B5ED-05D0E81B92E6}.AppStore|ARM.Build.0 = Release|Any CPU
		{7DC0464D-F3A3-4FAE-B5ED-05D0E81B92E6}.AppStore|ARM.Deploy.0 = Release|Any CPU
		{7DC0464D-F3A3-4FAE-B5ED-05D0E81B92E6}.AppStore|iPhone.ActiveCfg = Release|Any CPU
		{7DC0464D-F3A3-4FAE-B5ED-05D0E81B92E6}.AppStore|iPhone.Build.0 = Release|Any CPU
		{7DC0464D-F3A3-4FAE-B5ED-05D0E81B92E6}.AppStore|iPhone.Deploy.0 = Release|Any CPU
		{7DC0464D-F3A3-4FAE-B5ED-05D0E81B92E6}.AppStore|iPhoneSimulator.ActiveCfg = Release|Any CPU
		{7DC0464D-F3A3-4FAE-B5ED-05D0E81B92E6}.AppStore|iPhoneSimulator.Build.0 = Release|Any CPU
		{7DC0464D-F3A3-4FAE-B5ED-05D0E81B92E6}.AppStore|iPhoneSimulator.Deploy.0 = Release|Any CPU
		{7DC0464D-F3A3-4FAE-B5ED-05D0E81B92E6}.AppStore|x64.ActiveCfg = Release|Any CPU
		{7DC0464D-F3A3-4FAE-B5ED-05D0E81B92E6}.AppStore|x64.Build.0 = Release|Any CPU
		{7DC0464D-F3A3-4FAE-B5ED-05D0E81B92E6}.AppStore|x64.Deploy.0 = Release|Any CPU
		{7DC0464D-F3A3-4FAE-B5ED-05D0E81B92E6}.AppStore|x86.ActiveCfg = Release|Any CPU
		{7DC0464D-F3A3-4FAE-B5ED-05D0E81B92E6}.AppStore|x86.Build.0 = Release|Any CPU
		{7DC0464D-F3A3-4FAE-B5ED-05D0E81B92E6}.AppStore|x86.Deploy.0 = Release|Any CPU
		{7DC0464D-F3A3-4FAE-B5ED-05D0E81B92E6}.Debug|Any CPU.ActiveCfg = Debug|Any CPU
		{7DC0464D-F3A3-4FAE-B5ED-05D0E81B92E6}.Debug|Any CPU.Build.0 = Debug|Any CPU
		{7DC0464D-F3A3-4FAE-B5ED-05D0E81B92E6}.Debug|Any CPU.Deploy.0 = Debug|Any CPU
		{7DC0464D-F3A3-4FAE-B5ED-05D0E81B92E6}.Debug|ARM.ActiveCfg = Debug|Any CPU
		{7DC0464D-F3A3-4FAE-B5ED-05D0E81B92E6}.Debug|ARM.Build.0 = Debug|Any CPU
		{7DC0464D-F3A3-4FAE-B5ED-05D0E81B92E6}.Debug|ARM.Deploy.0 = Debug|Any CPU
		{7DC0464D-F3A3-4FAE-B5ED-05D0E81B92E6}.Debug|iPhone.ActiveCfg = Debug|Any CPU
		{7DC0464D-F3A3-4FAE-B5ED-05D0E81B92E6}.Debug|iPhone.Build.0 = Debug|Any CPU
		{7DC0464D-F3A3-4FAE-B5ED-05D0E81B92E6}.Debug|iPhone.Deploy.0 = Debug|Any CPU
		{7DC0464D-F3A3-4FAE-B5ED-05D0E81B92E6}.Debug|iPhoneSimulator.ActiveCfg = Debug|Any CPU
		{7DC0464D-F3A3-4FAE-B5ED-05D0E81B92E6}.Debug|iPhoneSimulator.Build.0 = Debug|Any CPU
		{7DC0464D-F3A3-4FAE-B5ED-05D0E81B92E6}.Debug|iPhoneSimulator.Deploy.0 = Debug|Any CPU
		{7DC0464D-F3A3-4FAE-B5ED-05D0E81B92E6}.Debug|x64.ActiveCfg = Debug|Any CPU
		{7DC0464D-F3A3-4FAE-B5ED-05D0E81B92E6}.Debug|x64.Build.0 = Debug|Any CPU
		{7DC0464D-F3A3-4FAE-B5ED-05D0E81B92E6}.Debug|x64.Deploy.0 = Debug|Any CPU
		{7DC0464D-F3A3-4FAE-B5ED-05D0E81B92E6}.Debug|x86.ActiveCfg = Debug|Any CPU
		{7DC0464D-F3A3-4FAE-B5ED-05D0E81B92E6}.Debug|x86.Build.0 = Debug|Any CPU
		{7DC0464D-F3A3-4FAE-B5ED-05D0E81B92E6}.Debug|x86.Deploy.0 = Debug|Any CPU
		{7DC0464D-F3A3-4FAE-B5ED-05D0E81B92E6}.Release|Any CPU.ActiveCfg = Release|Any CPU
		{7DC0464D-F3A3-4FAE-B5ED-05D0E81B92E6}.Release|Any CPU.Build.0 = Release|Any CPU
		{7DC0464D-F3A3-4FAE-B5ED-05D0E81B92E6}.Release|Any CPU.Deploy.0 = Release|Any CPU
		{7DC0464D-F3A3-4FAE-B5ED-05D0E81B92E6}.Release|ARM.ActiveCfg = Release|Any CPU
		{7DC0464D-F3A3-4FAE-B5ED-05D0E81B92E6}.Release|ARM.Build.0 = Release|Any CPU
		{7DC0464D-F3A3-4FAE-B5ED-05D0E81B92E6}.Release|ARM.Deploy.0 = Release|Any CPU
		{7DC0464D-F3A3-4FAE-B5ED-05D0E81B92E6}.Release|iPhone.ActiveCfg = Release|Any CPU
		{7DC0464D-F3A3-4FAE-B5ED-05D0E81B92E6}.Release|iPhone.Build.0 = Release|Any CPU
		{7DC0464D-F3A3-4FAE-B5ED-05D0E81B92E6}.Release|iPhone.Deploy.0 = Release|Any CPU
		{7DC0464D-F3A3-4FAE-B5ED-05D0E81B92E6}.Release|iPhoneSimulator.ActiveCfg = Release|Any CPU
		{7DC0464D-F3A3-4FAE-B5ED-05D0E81B92E6}.Release|iPhoneSimulator.Build.0 = Release|Any CPU
		{7DC0464D-F3A3-4FAE-B5ED-05D0E81B92E6}.Release|iPhoneSimulator.Deploy.0 = Release|Any CPU
		{7DC0464D-F3A3-4FAE-B5ED-05D0E81B92E6}.Release|x64.ActiveCfg = Release|Any CPU
		{7DC0464D-F3A3-4FAE-B5ED-05D0E81B92E6}.Release|x64.Build.0 = Release|Any CPU
		{7DC0464D-F3A3-4FAE-B5ED-05D0E81B92E6}.Release|x64.Deploy.0 = Release|Any CPU
		{7DC0464D-F3A3-4FAE-B5ED-05D0E81B92E6}.Release|x86.ActiveCfg = Release|Any CPU
		{7DC0464D-F3A3-4FAE-B5ED-05D0E81B92E6}.Release|x86.Build.0 = Release|Any CPU
		{7DC0464D-F3A3-4FAE-B5ED-05D0E81B92E6}.Release|x86.Deploy.0 = Release|Any CPU
		{D4842351-9A09-4C6B-A979-8CE909F3F475}.Ad-Hoc|Any CPU.ActiveCfg = Ad-Hoc|iPhone
		{D4842351-9A09-4C6B-A979-8CE909F3F475}.Ad-Hoc|Any CPU.Build.0 = Ad-Hoc|iPhone
		{D4842351-9A09-4C6B-A979-8CE909F3F475}.Ad-Hoc|Any CPU.Deploy.0 = Ad-Hoc|iPhone
		{D4842351-9A09-4C6B-A979-8CE909F3F475}.Ad-Hoc|ARM.ActiveCfg = Ad-Hoc|iPhone
		{D4842351-9A09-4C6B-A979-8CE909F3F475}.Ad-Hoc|ARM.Build.0 = Ad-Hoc|iPhone
		{D4842351-9A09-4C6B-A979-8CE909F3F475}.Ad-Hoc|ARM.Deploy.0 = Ad-Hoc|iPhone
		{D4842351-9A09-4C6B-A979-8CE909F3F475}.Ad-Hoc|iPhone.ActiveCfg = Ad-Hoc|iPhone
		{D4842351-9A09-4C6B-A979-8CE909F3F475}.Ad-Hoc|iPhone.Build.0 = Ad-Hoc|iPhone
		{D4842351-9A09-4C6B-A979-8CE909F3F475}.Ad-Hoc|iPhone.Deploy.0 = Ad-Hoc|iPhone
		{D4842351-9A09-4C6B-A979-8CE909F3F475}.Ad-Hoc|iPhoneSimulator.ActiveCfg = Ad-Hoc|iPhoneSimulator
		{D4842351-9A09-4C6B-A979-8CE909F3F475}.Ad-Hoc|iPhoneSimulator.Build.0 = Ad-Hoc|iPhoneSimulator
		{D4842351-9A09-4C6B-A979-8CE909F3F475}.Ad-Hoc|iPhoneSimulator.Deploy.0 = Ad-Hoc|iPhoneSimulator
		{D4842351-9A09-4C6B-A979-8CE909F3F475}.Ad-Hoc|x64.ActiveCfg = Ad-Hoc|iPhone
		{D4842351-9A09-4C6B-A979-8CE909F3F475}.Ad-Hoc|x64.Build.0 = Ad-Hoc|iPhone
		{D4842351-9A09-4C6B-A979-8CE909F3F475}.Ad-Hoc|x64.Deploy.0 = Ad-Hoc|iPhone
		{D4842351-9A09-4C6B-A979-8CE909F3F475}.Ad-Hoc|x86.ActiveCfg = Ad-Hoc|iPhone
		{D4842351-9A09-4C6B-A979-8CE909F3F475}.Ad-Hoc|x86.Build.0 = Ad-Hoc|iPhone
		{D4842351-9A09-4C6B-A979-8CE909F3F475}.Ad-Hoc|x86.Deploy.0 = Ad-Hoc|iPhone
		{D4842351-9A09-4C6B-A979-8CE909F3F475}.AppStore|Any CPU.ActiveCfg = AppStore|iPhone
		{D4842351-9A09-4C6B-A979-8CE909F3F475}.AppStore|Any CPU.Build.0 = AppStore|iPhone
		{D4842351-9A09-4C6B-A979-8CE909F3F475}.AppStore|Any CPU.Deploy.0 = AppStore|iPhone
		{D4842351-9A09-4C6B-A979-8CE909F3F475}.AppStore|ARM.ActiveCfg = AppStore|iPhone
		{D4842351-9A09-4C6B-A979-8CE909F3F475}.AppStore|ARM.Build.0 = AppStore|iPhone
		{D4842351-9A09-4C6B-A979-8CE909F3F475}.AppStore|ARM.Deploy.0 = AppStore|iPhone
		{D4842351-9A09-4C6B-A979-8CE909F3F475}.AppStore|iPhone.ActiveCfg = AppStore|iPhone
		{D4842351-9A09-4C6B-A979-8CE909F3F475}.AppStore|iPhone.Build.0 = AppStore|iPhone
		{D4842351-9A09-4C6B-A979-8CE909F3F475}.AppStore|iPhone.Deploy.0 = AppStore|iPhone
		{D4842351-9A09-4C6B-A979-8CE909F3F475}.AppStore|iPhoneSimulator.ActiveCfg = AppStore|iPhoneSimulator
		{D4842351-9A09-4C6B-A979-8CE909F3F475}.AppStore|iPhoneSimulator.Build.0 = AppStore|iPhoneSimulator
		{D4842351-9A09-4C6B-A979-8CE909F3F475}.AppStore|iPhoneSimulator.Deploy.0 = AppStore|iPhoneSimulator
		{D4842351-9A09-4C6B-A979-8CE909F3F475}.AppStore|x64.ActiveCfg = AppStore|iPhone
		{D4842351-9A09-4C6B-A979-8CE909F3F475}.AppStore|x64.Build.0 = AppStore|iPhone
		{D4842351-9A09-4C6B-A979-8CE909F3F475}.AppStore|x64.Deploy.0 = AppStore|iPhone
		{D4842351-9A09-4C6B-A979-8CE909F3F475}.AppStore|x86.ActiveCfg = AppStore|iPhone
		{D4842351-9A09-4C6B-A979-8CE909F3F475}.AppStore|x86.Build.0 = AppStore|iPhone
		{D4842351-9A09-4C6B-A979-8CE909F3F475}.AppStore|x86.Deploy.0 = AppStore|iPhone
		{D4842351-9A09-4C6B-A979-8CE909F3F475}.Debug|Any CPU.ActiveCfg = Debug|iPhoneSimulator
		{D4842351-9A09-4C6B-A979-8CE909F3F475}.Debug|Any CPU.Build.0 = Debug|iPhoneSimulator
		{D4842351-9A09-4C6B-A979-8CE909F3F475}.Debug|Any CPU.Deploy.0 = Debug|iPhoneSimulator
		{D4842351-9A09-4C6B-A979-8CE909F3F475}.Debug|ARM.ActiveCfg = Debug|iPhone
		{D4842351-9A09-4C6B-A979-8CE909F3F475}.Debug|ARM.Build.0 = Debug|iPhone
		{D4842351-9A09-4C6B-A979-8CE909F3F475}.Debug|ARM.Deploy.0 = Debug|iPhone
		{D4842351-9A09-4C6B-A979-8CE909F3F475}.Debug|iPhone.ActiveCfg = Debug|iPhone
		{D4842351-9A09-4C6B-A979-8CE909F3F475}.Debug|iPhone.Build.0 = Debug|iPhone
		{D4842351-9A09-4C6B-A979-8CE909F3F475}.Debug|iPhone.Deploy.0 = Debug|iPhone
		{D4842351-9A09-4C6B-A979-8CE909F3F475}.Debug|iPhoneSimulator.ActiveCfg = Debug|iPhoneSimulator
		{D4842351-9A09-4C6B-A979-8CE909F3F475}.Debug|iPhoneSimulator.Build.0 = Debug|iPhoneSimulator
		{D4842351-9A09-4C6B-A979-8CE909F3F475}.Debug|iPhoneSimulator.Deploy.0 = Debug|iPhoneSimulator
		{D4842351-9A09-4C6B-A979-8CE909F3F475}.Debug|x64.ActiveCfg = Debug|iPhone
		{D4842351-9A09-4C6B-A979-8CE909F3F475}.Debug|x64.Build.0 = Debug|iPhone
		{D4842351-9A09-4C6B-A979-8CE909F3F475}.Debug|x64.Deploy.0 = Debug|iPhone
		{D4842351-9A09-4C6B-A979-8CE909F3F475}.Debug|x86.ActiveCfg = Debug|iPhone
		{D4842351-9A09-4C6B-A979-8CE909F3F475}.Debug|x86.Build.0 = Debug|iPhone
		{D4842351-9A09-4C6B-A979-8CE909F3F475}.Debug|x86.Deploy.0 = Debug|iPhone
		{D4842351-9A09-4C6B-A979-8CE909F3F475}.Release|Any CPU.ActiveCfg = Release|iPhone
		{D4842351-9A09-4C6B-A979-8CE909F3F475}.Release|Any CPU.Build.0 = Release|iPhone
		{D4842351-9A09-4C6B-A979-8CE909F3F475}.Release|Any CPU.Deploy.0 = Release|iPhone
		{D4842351-9A09-4C6B-A979-8CE909F3F475}.Release|ARM.ActiveCfg = Release|iPhone
		{D4842351-9A09-4C6B-A979-8CE909F3F475}.Release|ARM.Build.0 = Release|iPhone
		{D4842351-9A09-4C6B-A979-8CE909F3F475}.Release|ARM.Deploy.0 = Release|iPhone
		{D4842351-9A09-4C6B-A979-8CE909F3F475}.Release|iPhone.ActiveCfg = Release|iPhone
		{D4842351-9A09-4C6B-A979-8CE909F3F475}.Release|iPhone.Build.0 = Release|iPhone
		{D4842351-9A09-4C6B-A979-8CE909F3F475}.Release|iPhone.Deploy.0 = Release|iPhone
		{D4842351-9A09-4C6B-A979-8CE909F3F475}.Release|iPhoneSimulator.ActiveCfg = Release|iPhoneSimulator
		{D4842351-9A09-4C6B-A979-8CE909F3F475}.Release|iPhoneSimulator.Build.0 = Release|iPhoneSimulator
		{D4842351-9A09-4C6B-A979-8CE909F3F475}.Release|iPhoneSimulator.Deploy.0 = Release|iPhoneSimulator
		{D4842351-9A09-4C6B-A979-8CE909F3F475}.Release|x64.ActiveCfg = Release|iPhone
		{D4842351-9A09-4C6B-A979-8CE909F3F475}.Release|x64.Build.0 = Release|iPhone
		{D4842351-9A09-4C6B-A979-8CE909F3F475}.Release|x64.Deploy.0 = Release|iPhone
		{D4842351-9A09-4C6B-A979-8CE909F3F475}.Release|x86.ActiveCfg = Release|iPhone
		{D4842351-9A09-4C6B-A979-8CE909F3F475}.Release|x86.Build.0 = Release|iPhone
		{D4842351-9A09-4C6B-A979-8CE909F3F475}.Release|x86.Deploy.0 = Release|iPhone
		{B8D0FB42-ED05-491A-A93A-68FE7B201D79}.Ad-Hoc|Any CPU.ActiveCfg = Release|x86
		{B8D0FB42-ED05-491A-A93A-68FE7B201D79}.Ad-Hoc|Any CPU.Build.0 = Release|x86
		{B8D0FB42-ED05-491A-A93A-68FE7B201D79}.Ad-Hoc|Any CPU.Deploy.0 = Release|x86
		{B8D0FB42-ED05-491A-A93A-68FE7B201D79}.Ad-Hoc|ARM.ActiveCfg = Release|ARM
		{B8D0FB42-ED05-491A-A93A-68FE7B201D79}.Ad-Hoc|ARM.Build.0 = Release|ARM
		{B8D0FB42-ED05-491A-A93A-68FE7B201D79}.Ad-Hoc|ARM.Deploy.0 = Release|ARM
		{B8D0FB42-ED05-491A-A93A-68FE7B201D79}.Ad-Hoc|iPhone.ActiveCfg = Release|x86
		{B8D0FB42-ED05-491A-A93A-68FE7B201D79}.Ad-Hoc|iPhone.Build.0 = Release|x86
		{B8D0FB42-ED05-491A-A93A-68FE7B201D79}.Ad-Hoc|iPhone.Deploy.0 = Release|x86
		{B8D0FB42-ED05-491A-A93A-68FE7B201D79}.Ad-Hoc|iPhoneSimulator.ActiveCfg = Release|x86
		{B8D0FB42-ED05-491A-A93A-68FE7B201D79}.Ad-Hoc|iPhoneSimulator.Build.0 = Release|x86
		{B8D0FB42-ED05-491A-A93A-68FE7B201D79}.Ad-Hoc|iPhoneSimulator.Deploy.0 = Release|x86
		{B8D0FB42-ED05-491A-A93A-68FE7B201D79}.Ad-Hoc|x64.ActiveCfg = Release|x64
		{B8D0FB42-ED05-491A-A93A-68FE7B201D79}.Ad-Hoc|x64.Build.0 = Release|x64
		{B8D0FB42-ED05-491A-A93A-68FE7B201D79}.Ad-Hoc|x64.Deploy.0 = Release|x64
		{B8D0FB42-ED05-491A-A93A-68FE7B201D79}.Ad-Hoc|x86.ActiveCfg = Release|x86
		{B8D0FB42-ED05-491A-A93A-68FE7B201D79}.Ad-Hoc|x86.Build.0 = Release|x86
		{B8D0FB42-ED05-491A-A93A-68FE7B201D79}.Ad-Hoc|x86.Deploy.0 = Release|x86
		{B8D0FB42-ED05-491A-A93A-68FE7B201D79}.AppStore|Any CPU.ActiveCfg = Release|x86
		{B8D0FB42-ED05-491A-A93A-68FE7B201D79}.AppStore|Any CPU.Build.0 = Release|x86
		{B8D0FB42-ED05-491A-A93A-68FE7B201D79}.AppStore|Any CPU.Deploy.0 = Release|x86
		{B8D0FB42-ED05-491A-A93A-68FE7B201D79}.AppStore|ARM.ActiveCfg = Release|ARM
		{B8D0FB42-ED05-491A-A93A-68FE7B201D79}.AppStore|ARM.Build.0 = Release|ARM
		{B8D0FB42-ED05-491A-A93A-68FE7B201D79}.AppStore|ARM.Deploy.0 = Release|ARM
		{B8D0FB42-ED05-491A-A93A-68FE7B201D79}.AppStore|iPhone.ActiveCfg = Release|x86
		{B8D0FB42-ED05-491A-A93A-68FE7B201D79}.AppStore|iPhone.Build.0 = Release|x86
		{B8D0FB42-ED05-491A-A93A-68FE7B201D79}.AppStore|iPhone.Deploy.0 = Release|x86
		{B8D0FB42-ED05-491A-A93A-68FE7B201D79}.AppStore|iPhoneSimulator.ActiveCfg = Release|x86
		{B8D0FB42-ED05-491A-A93A-68FE7B201D79}.AppStore|iPhoneSimulator.Build.0 = Release|x86
		{B8D0FB42-ED05-491A-A93A-68FE7B201D79}.AppStore|iPhoneSimulator.Deploy.0 = Release|x86
		{B8D0FB42-ED05-491A-A93A-68FE7B201D79}.AppStore|x64.ActiveCfg = Release|x64
		{B8D0FB42-ED05-491A-A93A-68FE7B201D79}.AppStore|x64.Build.0 = Release|x64
		{B8D0FB42-ED05-491A-A93A-68FE7B201D79}.AppStore|x64.Deploy.0 = Release|x64
		{B8D0FB42-ED05-491A-A93A-68FE7B201D79}.AppStore|x86.ActiveCfg = Release|x86
		{B8D0FB42-ED05-491A-A93A-68FE7B201D79}.AppStore|x86.Build.0 = Release|x86
		{B8D0FB42-ED05-491A-A93A-68FE7B201D79}.AppStore|x86.Deploy.0 = Release|x86
		{B8D0FB42-ED05-491A-A93A-68FE7B201D79}.Debug|Any CPU.ActiveCfg = Debug|x86
		{B8D0FB42-ED05-491A-A93A-68FE7B201D79}.Debug|Any CPU.Build.0 = Debug|x86
		{B8D0FB42-ED05-491A-A93A-68FE7B201D79}.Debug|Any CPU.Deploy.0 = Debug|x86
		{B8D0FB42-ED05-491A-A93A-68FE7B201D79}.Debug|ARM.ActiveCfg = Debug|ARM
		{B8D0FB42-ED05-491A-A93A-68FE7B201D79}.Debug|ARM.Build.0 = Debug|ARM
		{B8D0FB42-ED05-491A-A93A-68FE7B201D79}.Debug|ARM.Deploy.0 = Debug|ARM
		{B8D0FB42-ED05-491A-A93A-68FE7B201D79}.Debug|iPhone.ActiveCfg = Debug|x86
		{B8D0FB42-ED05-491A-A93A-68FE7B201D79}.Debug|iPhone.Build.0 = Debug|x86
		{B8D0FB42-ED05-491A-A93A-68FE7B201D79}.Debug|iPhone.Deploy.0 = Debug|x86
		{B8D0FB42-ED05-491A-A93A-68FE7B201D79}.Debug|iPhoneSimulator.ActiveCfg = Debug|x86
		{B8D0FB42-ED05-491A-A93A-68FE7B201D79}.Debug|iPhoneSimulator.Build.0 = Debug|x86
		{B8D0FB42-ED05-491A-A93A-68FE7B201D79}.Debug|iPhoneSimulator.Deploy.0 = Debug|x86
		{B8D0FB42-ED05-491A-A93A-68FE7B201D79}.Debug|x64.ActiveCfg = Debug|x64
		{B8D0FB42-ED05-491A-A93A-68FE7B201D79}.Debug|x64.Build.0 = Debug|x64
		{B8D0FB42-ED05-491A-A93A-68FE7B201D79}.Debug|x64.Deploy.0 = Debug|x64
		{B8D0FB42-ED05-491A-A93A-68FE7B201D79}.Debug|x86.ActiveCfg = Debug|x86
		{B8D0FB42-ED05-491A-A93A-68FE7B201D79}.Debug|x86.Build.0 = Debug|x86
		{B8D0FB42-ED05-491A-A93A-68FE7B201D79}.Debug|x86.Deploy.0 = Debug|x86
		{B8D0FB42-ED05-491A-A93A-68FE7B201D79}.Release|Any CPU.ActiveCfg = Release|x86
		{B8D0FB42-ED05-491A-A93A-68FE7B201D79}.Release|Any CPU.Build.0 = Release|x86
		{B8D0FB42-ED05-491A-A93A-68FE7B201D79}.Release|Any CPU.Deploy.0 = Release|x86
		{B8D0FB42-ED05-491A-A93A-68FE7B201D79}.Release|ARM.ActiveCfg = Release|ARM
		{B8D0FB42-ED05-491A-A93A-68FE7B201D79}.Release|ARM.Build.0 = Release|ARM
		{B8D0FB42-ED05-491A-A93A-68FE7B201D79}.Release|ARM.Deploy.0 = Release|ARM
		{B8D0FB42-ED05-491A-A93A-68FE7B201D79}.Release|iPhone.ActiveCfg = Release|x86
		{B8D0FB42-ED05-491A-A93A-68FE7B201D79}.Release|iPhone.Build.0 = Release|x86
		{B8D0FB42-ED05-491A-A93A-68FE7B201D79}.Release|iPhone.Deploy.0 = Release|x86
		{B8D0FB42-ED05-491A-A93A-68FE7B201D79}.Release|iPhoneSimulator.ActiveCfg = Release|x86
		{B8D0FB42-ED05-491A-A93A-68FE7B201D79}.Release|iPhoneSimulator.Build.0 = Release|x86
		{B8D0FB42-ED05-491A-A93A-68FE7B201D79}.Release|iPhoneSimulator.Deploy.0 = Release|x86
		{B8D0FB42-ED05-491A-A93A-68FE7B201D79}.Release|x64.ActiveCfg = Release|x64
		{B8D0FB42-ED05-491A-A93A-68FE7B201D79}.Release|x64.Build.0 = Release|x64
		{B8D0FB42-ED05-491A-A93A-68FE7B201D79}.Release|x64.Deploy.0 = Release|x64
		{B8D0FB42-ED05-491A-A93A-68FE7B201D79}.Release|x86.ActiveCfg = Release|x86
		{B8D0FB42-ED05-491A-A93A-68FE7B201D79}.Release|x86.Build.0 = Release|x86
		{B8D0FB42-ED05-491A-A93A-68FE7B201D79}.Release|x86.Deploy.0 = Release|x86
		{3405F80A-F1EC-448C-AB58-7F7273AFBAC6}.Ad-Hoc|Any CPU.ActiveCfg = Debug|Any CPU
		{3405F80A-F1EC-448C-AB58-7F7273AFBAC6}.Ad-Hoc|Any CPU.Build.0 = Debug|Any CPU
		{3405F80A-F1EC-448C-AB58-7F7273AFBAC6}.Ad-Hoc|Any CPU.Deploy.0 = Debug|Any CPU
		{3405F80A-F1EC-448C-AB58-7F7273AFBAC6}.Ad-Hoc|ARM.ActiveCfg = Debug|Any CPU
		{3405F80A-F1EC-448C-AB58-7F7273AFBAC6}.Ad-Hoc|ARM.Build.0 = Debug|Any CPU
		{3405F80A-F1EC-448C-AB58-7F7273AFBAC6}.Ad-Hoc|ARM.Deploy.0 = Debug|Any CPU
		{3405F80A-F1EC-448C-AB58-7F7273AFBAC6}.Ad-Hoc|iPhone.ActiveCfg = Debug|Any CPU
		{3405F80A-F1EC-448C-AB58-7F7273AFBAC6}.Ad-Hoc|iPhone.Build.0 = Debug|Any CPU
		{3405F80A-F1EC-448C-AB58-7F7273AFBAC6}.Ad-Hoc|iPhone.Deploy.0 = Debug|Any CPU
		{3405F80A-F1EC-448C-AB58-7F7273AFBAC6}.Ad-Hoc|iPhoneSimulator.ActiveCfg = Debug|Any CPU
		{3405F80A-F1EC-448C-AB58-7F7273AFBAC6}.Ad-Hoc|iPhoneSimulator.Build.0 = Debug|Any CPU
		{3405F80A-F1EC-448C-AB58-7F7273AFBAC6}.Ad-Hoc|iPhoneSimulator.Deploy.0 = Debug|Any CPU
		{3405F80A-F1EC-448C-AB58-7F7273AFBAC6}.Ad-Hoc|x64.ActiveCfg = Debug|Any CPU
		{3405F80A-F1EC-448C-AB58-7F7273AFBAC6}.Ad-Hoc|x64.Build.0 = Debug|Any CPU
		{3405F80A-F1EC-448C-AB58-7F7273AFBAC6}.Ad-Hoc|x64.Deploy.0 = Debug|Any CPU
		{3405F80A-F1EC-448C-AB58-7F7273AFBAC6}.Ad-Hoc|x86.ActiveCfg = Debug|Any CPU
		{3405F80A-F1EC-448C-AB58-7F7273AFBAC6}.Ad-Hoc|x86.Build.0 = Debug|Any CPU
		{3405F80A-F1EC-448C-AB58-7F7273AFBAC6}.Ad-Hoc|x86.Deploy.0 = Debug|Any CPU
		{3405F80A-F1EC-448C-AB58-7F7273AFBAC6}.AppStore|Any CPU.ActiveCfg = Debug|Any CPU
		{3405F80A-F1EC-448C-AB58-7F7273AFBAC6}.AppStore|Any CPU.Build.0 = Debug|Any CPU
		{3405F80A-F1EC-448C-AB58-7F7273AFBAC6}.AppStore|Any CPU.Deploy.0 = Debug|Any CPU
		{3405F80A-F1EC-448C-AB58-7F7273AFBAC6}.AppStore|ARM.ActiveCfg = Debug|Any CPU
		{3405F80A-F1EC-448C-AB58-7F7273AFBAC6}.AppStore|ARM.Build.0 = Debug|Any CPU
		{3405F80A-F1EC-448C-AB58-7F7273AFBAC6}.AppStore|ARM.Deploy.0 = Debug|Any CPU
		{3405F80A-F1EC-448C-AB58-7F7273AFBAC6}.AppStore|iPhone.ActiveCfg = Debug|Any CPU
		{3405F80A-F1EC-448C-AB58-7F7273AFBAC6}.AppStore|iPhone.Build.0 = Debug|Any CPU
		{3405F80A-F1EC-448C-AB58-7F7273AFBAC6}.AppStore|iPhone.Deploy.0 = Debug|Any CPU
		{3405F80A-F1EC-448C-AB58-7F7273AFBAC6}.AppStore|iPhoneSimulator.ActiveCfg = Debug|Any CPU
		{3405F80A-F1EC-448C-AB58-7F7273AFBAC6}.AppStore|iPhoneSimulator.Build.0 = Debug|Any CPU
		{3405F80A-F1EC-448C-AB58-7F7273AFBAC6}.AppStore|iPhoneSimulator.Deploy.0 = Debug|Any CPU
		{3405F80A-F1EC-448C-AB58-7F7273AFBAC6}.AppStore|x64.ActiveCfg = Debug|Any CPU
		{3405F80A-F1EC-448C-AB58-7F7273AFBAC6}.AppStore|x64.Build.0 = Debug|Any CPU
		{3405F80A-F1EC-448C-AB58-7F7273AFBAC6}.AppStore|x64.Deploy.0 = Debug|Any CPU
		{3405F80A-F1EC-448C-AB58-7F7273AFBAC6}.AppStore|x86.ActiveCfg = Debug|Any CPU
		{3405F80A-F1EC-448C-AB58-7F7273AFBAC6}.AppStore|x86.Build.0 = Debug|Any CPU
		{3405F80A-F1EC-448C-AB58-7F7273AFBAC6}.AppStore|x86.Deploy.0 = Debug|Any CPU
		{3405F80A-F1EC-448C-AB58-7F7273AFBAC6}.Debug|Any CPU.ActiveCfg = Debug|Any CPU
		{3405F80A-F1EC-448C-AB58-7F7273AFBAC6}.Debug|Any CPU.Build.0 = Debug|Any CPU
		{3405F80A-F1EC-448C-AB58-7F7273AFBAC6}.Debug|Any CPU.Deploy.0 = Debug|Any CPU
		{3405F80A-F1EC-448C-AB58-7F7273AFBAC6}.Debug|ARM.ActiveCfg = Debug|Any CPU
		{3405F80A-F1EC-448C-AB58-7F7273AFBAC6}.Debug|ARM.Build.0 = Debug|Any CPU
		{3405F80A-F1EC-448C-AB58-7F7273AFBAC6}.Debug|ARM.Deploy.0 = Debug|Any CPU
		{3405F80A-F1EC-448C-AB58-7F7273AFBAC6}.Debug|iPhone.ActiveCfg = Debug|Any CPU
		{3405F80A-F1EC-448C-AB58-7F7273AFBAC6}.Debug|iPhone.Build.0 = Debug|Any CPU
		{3405F80A-F1EC-448C-AB58-7F7273AFBAC6}.Debug|iPhone.Deploy.0 = Debug|Any CPU
		{3405F80A-F1EC-448C-AB58-7F7273AFBAC6}.Debug|iPhoneSimulator.ActiveCfg = Debug|Any CPU
		{3405F80A-F1EC-448C-AB58-7F7273AFBAC6}.Debug|iPhoneSimulator.Build.0 = Debug|Any CPU
		{3405F80A-F1EC-448C-AB58-7F7273AFBAC6}.Debug|iPhoneSimulator.Deploy.0 = Debug|Any CPU
		{3405F80A-F1EC-448C-AB58-7F7273AFBAC6}.Debug|x64.ActiveCfg = Debug|Any CPU
		{3405F80A-F1EC-448C-AB58-7F7273AFBAC6}.Debug|x64.Build.0 = Debug|Any CPU
		{3405F80A-F1EC-448C-AB58-7F7273AFBAC6}.Debug|x64.Deploy.0 = Debug|Any CPU
		{3405F80A-F1EC-448C-AB58-7F7273AFBAC6}.Debug|x86.ActiveCfg = Debug|Any CPU
		{3405F80A-F1EC-448C-AB58-7F7273AFBAC6}.Debug|x86.Build.0 = Debug|Any CPU
		{3405F80A-F1EC-448C-AB58-7F7273AFBAC6}.Debug|x86.Deploy.0 = Debug|Any CPU
		{3405F80A-F1EC-448C-AB58-7F7273AFBAC6}.Release|Any CPU.ActiveCfg = Release|Any CPU
		{3405F80A-F1EC-448C-AB58-7F7273AFBAC6}.Release|Any CPU.Build.0 = Release|Any CPU
		{3405F80A-F1EC-448C-AB58-7F7273AFBAC6}.Release|Any CPU.Deploy.0 = Release|Any CPU
		{3405F80A-F1EC-448C-AB58-7F7273AFBAC6}.Release|ARM.ActiveCfg = Release|Any CPU
		{3405F80A-F1EC-448C-AB58-7F7273AFBAC6}.Release|ARM.Build.0 = Release|Any CPU
		{3405F80A-F1EC-448C-AB58-7F7273AFBAC6}.Release|ARM.Deploy.0 = Release|Any CPU
		{3405F80A-F1EC-448C-AB58-7F7273AFBAC6}.Release|iPhone.ActiveCfg = Release|Any CPU
		{3405F80A-F1EC-448C-AB58-7F7273AFBAC6}.Release|iPhone.Build.0 = Release|Any CPU
		{3405F80A-F1EC-448C-AB58-7F7273AFBAC6}.Release|iPhone.Deploy.0 = Release|Any CPU
		{3405F80A-F1EC-448C-AB58-7F7273AFBAC6}.Release|iPhoneSimulator.ActiveCfg = Release|Any CPU
		{3405F80A-F1EC-448C-AB58-7F7273AFBAC6}.Release|iPhoneSimulator.Build.0 = Release|Any CPU
		{3405F80A-F1EC-448C-AB58-7F7273AFBAC6}.Release|iPhoneSimulator.Deploy.0 = Release|Any CPU
		{3405F80A-F1EC-448C-AB58-7F7273AFBAC6}.Release|x64.ActiveCfg = Release|Any CPU
		{3405F80A-F1EC-448C-AB58-7F7273AFBAC6}.Release|x64.Build.0 = Release|Any CPU
		{3405F80A-F1EC-448C-AB58-7F7273AFBAC6}.Release|x64.Deploy.0 = Release|Any CPU
		{3405F80A-F1EC-448C-AB58-7F7273AFBAC6}.Release|x86.ActiveCfg = Release|Any CPU
		{3405F80A-F1EC-448C-AB58-7F7273AFBAC6}.Release|x86.Build.0 = Release|Any CPU
		{3405F80A-F1EC-448C-AB58-7F7273AFBAC6}.Release|x86.Deploy.0 = Release|Any CPU
	EndGlobalSection
	GlobalSection(SolutionProperties) = preSolution
		HideSolutionNode = FALSE
	EndGlobalSection
	GlobalSection(ExtensibilityGlobals) = postSolution
		SolutionGuid = {07701F3B-2020-439B-AFD8-C65CD277434B}
	EndGlobalSection
EndGlobal
